
Microsoft Visual Studio Solution File, Format Version 12.00
# Visual Studio Version 17
VisualStudioVersion = 17.4.33122.133
MinimumVisualStudioVersion = 10.0.40219.1
Project("{FAE04EC0-301F-11D3-BF4B-00C04F79EFBC}") = "PresentationLayer", "PresentationLayer\PresentationLayer.csproj", "{45C0EED3-6C51-4C5C-9C4A-59BCE8F53189}"
EndProject
Project("{FAE04EC0-301F-11D3-BF4B-00C04F79EFBC}") = "DataAccessLayer", "DataAccessLayer\DataAccessLayer.csproj", "{76E5C4B4-351F-4DF0-904D-1F152BF261E1}"
EndProject
Project("{FAE04EC0-301F-11D3-BF4B-00C04F79EFBC}") = "BusinessLogicLayer", "BusinessLogicLayer\BusinessLogicLayer.csproj", "{36C8DFCC-4867-4D62-97F2-EB15692A529B}"
EndProject
Global
	GlobalSection(SolutionConfigurationPlatforms) = preSolution
		Debug|Any CPU = Debug|Any CPU
		Release|Any CPU = Release|Any CPU
	EndGlobalSection
	GlobalSection(ProjectConfigurationPlatforms) = postSolution
		{45C0EED3-6C51-4C5C-9C4A-59BCE8F53189}.Debug|Any CPU.ActiveCfg = Debug|Any CPU
		{45C0EED3-6C51-4C5C-9C4A-59BCE8F53189}.Debug|Any CPU.Build.0 = Debug|Any CPU
		{45C0EED3-6C51-4C5C-9C4A-59BCE8F53189}.Release|Any CPU.ActiveCfg = Release|Any CPU
		{45C0EED3-6C51-4C5C-9C4A-59BCE8F53189}.Release|Any CPU.Build.0 = Release|Any CPU
		{76E5C4B4-351F-4DF0-904D-1F152BF261E1}.Debug|Any CPU.ActiveCfg = Debug|Any CPU
		{76E5C4B4-351F-4DF0-904D-1F152BF261E1}.Debug|Any CPU.Build.0 = Debug|Any CPU
		{76E5C4B4-351F-4DF0-904D-1F152BF261E1}.Release|Any CPU.ActiveCfg = Release|Any CPU
		{76E5C4B4-351F-4DF0-904D-1F152BF261E1}.Release|Any CPU.Build.0 = Release|Any CPU
		{36C8DFCC-4867-4D62-97F2-EB15692A529B}.Debug|Any CPU.ActiveCfg = Debug|Any CPU
		{36C8DFCC-4867-4D62-97F2-EB15692A529B}.Debug|Any CPU.Build.0 = Debug|Any CPU
		{36C8DFCC-4867-4D62-97F2-EB15692A529B}.Release|Any CPU.ActiveCfg = Release|Any CPU
		{36C8DFCC-4867-4D62-97F2-EB15692A529B}.Release|Any CPU.Build.0 = Release|Any CPU
	EndGlobalSection
	GlobalSection(SolutionProperties) = preSolution
		HideSolutionNode = FALSE
	EndGlobalSection
	GlobalSection(ExtensibilityGlobals) = postSolution
		SolutionGuid = {80A46207-4EAF-4081-93F4-BCCC42F65BB1}
	EndGlobalSection
EndGlobal
